
Microsoft Visual Studio Solution File, Format Version 12.00
# Visual Studio Version 17
VisualStudioVersion = 17.3.32929.385
MinimumVisualStudioVersion = 10.0.40219.1
Project("{FAE04EC0-301F-11D3-BF4B-00C04F79EFBC}") = "StationImitation", "StationImitation.csproj", "{5319DABC-7E1B-4701-8F77-1017D4C212C9}"
EndProject
Global
	GlobalSection(SolutionConfigurationPlatforms) = preSolution
		Debug|Any CPU = Debug|Any CPU
		Release|Any CPU = Release|Any CPU
	EndGlobalSection
	GlobalSection(ProjectConfigurationPlatforms) = postSolution
		{5319DABC-7E1B-4701-8F77-1017D4C212C9}.Debug|Any CPU.ActiveCfg = Debug|Any CPU
		{5319DABC-7E1B-4701-8F77-1017D4C212C9}.Debug|Any CPU.Build.0 = Debug|Any CPU
		{5319DABC-7E1B-4701-8F77-1017D4C212C9}.Release|Any CPU.ActiveCfg = Release|Any CPU
		{5319DABC-7E1B-4701-8F77-1017D4C212C9}.Release|Any CPU.Build.0 = Release|Any CPU
	EndGlobalSection
	GlobalSection(SolutionProperties) = preSolution
		HideSolutionNode = FALSE
	EndGlobalSection
	GlobalSection(ExtensibilityGlobals) = postSolution
		SolutionGuid = {746BFEC3-0CFD-4EBE-B0F1-2BD982F2D912}
	EndGlobalSection
EndGlobal
